
Microsoft Visual Studio Solution File, Format Version 12.00
# Visual Studio Version 16
VisualStudioVersion = 16.0.31005.135
MinimumVisualStudioVersion = 10.0.40219.1
Project("{9A19103F-16F7-4668-BE54-9A1E7A4F7556}") = "Cam", "wrapper\Cam.csproj", "{F80B3D9E-DB92-4E15-B1C5-705C4B491533}"
EndProject
Project("{9A19103F-16F7-4668-BE54-9A1E7A4F7556}") = "runner", "runner\runner.csproj", "{BE13859B-A845-49B3-8488-76C6C888D315}"
EndProject
Global
	GlobalSection(SolutionConfigurationPlatforms) = preSolution
		Debug|Any CPU = Debug|Any CPU
		Release|Any CPU = Release|Any CPU
	EndGlobalSection
	GlobalSection(ProjectConfigurationPlatforms) = postSolution
		{F80B3D9E-DB92-4E15-B1C5-705C4B491533}.Debug|Any CPU.ActiveCfg = Debug|Any CPU
		{F80B3D9E-DB92-4E15-B1C5-705C4B491533}.Debug|Any CPU.Build.0 = Debug|Any CPU
		{F80B3D9E-DB92-4E15-B1C5-705C4B491533}.Release|Any CPU.ActiveCfg = Release|Any CPU
		{F80B3D9E-DB92-4E15-B1C5-705C4B491533}.Release|Any CPU.Build.0 = Release|Any CPU
		{BE13859B-A845-49B3-8488-76C6C888D315}.Debug|Any CPU.ActiveCfg = Debug|Any CPU
		{BE13859B-A845-49B3-8488-76C6C888D315}.Debug|Any CPU.Build.0 = Debug|Any CPU
		{BE13859B-A845-49B3-8488-76C6C888D315}.Release|Any CPU.ActiveCfg = Release|Any CPU
		{BE13859B-A845-49B3-8488-76C6C888D315}.Release|Any CPU.Build.0 = Release|Any CPU
	EndGlobalSection
	GlobalSection(SolutionProperties) = preSolution
		HideSolutionNode = FALSE
	EndGlobalSection
	GlobalSection(ExtensibilityGlobals) = postSolution
		SolutionGuid = {E0CB4B8F-B28D-4A5F-B224-8E3399C715F1}
	EndGlobalSection
EndGlobal
